
Microsoft Visual Studio Solution File, Format Version 12.00
# Visual Studio Version 17
VisualStudioVersion = 17.0.31423.177
MinimumVisualStudioVersion = 10.0.40219.1
Project("{FAE04EC0-301F-11D3-BF4B-00C04F79EFBC}") = "PerformanceTools", "Performance Tools\PerformanceTools.csproj", "{302A1F2F-F76B-49A9-941C-0BA776DC68C8}"
EndProject
Global
	GlobalSection(SolutionConfigurationPlatforms) = preSolution
		Debug|Any CPU = Debug|Any CPU
		Release|Any CPU = Release|Any CPU
	EndGlobalSection
	GlobalSection(ProjectConfigurationPlatforms) = postSolution
		{302A1F2F-F76B-49A9-941C-0BA776DC68C8}.Debug|Any CPU.ActiveCfg = Debug|Any CPU
		{302A1F2F-F76B-49A9-941C-0BA776DC68C8}.Debug|Any CPU.Build.0 = Debug|Any CPU
		{302A1F2F-F76B-49A9-941C-0BA776DC68C8}.Release|Any CPU.ActiveCfg = Release|Any CPU
		{302A1F2F-F76B-49A9-941C-0BA776DC68C8}.Release|Any CPU.Build.0 = Release|Any CPU
	EndGlobalSection
	GlobalSection(SolutionProperties) = preSolution
		HideSolutionNode = FALSE
	EndGlobalSection
	GlobalSection(ExtensibilityGlobals) = postSolution
		SolutionGuid = {94B72BFE-0DFD-4AAD-ABE4-D2B193A1FF27}
	EndGlobalSection
EndGlobal
